
Microsoft Visual Studio Solution File, Format Version 12.00
Project("{FAE04EC0-301F-11D3-BF4B-00C04F79EFBC}") = "TuitionManagementSystem", "TuitionManagementSystem\TuitionManagementSystem.csproj", "{4CE3F903-8EC5-4BBF-B3BE-FE4215289C9A}"
EndProject
Project("{2150E333-8FDC-42A3-9474-1A3956D46DE8}") = "Solution Items", "Solution Items", "{D6DB66E0-B361-412D-ACEC-5DFA9311441F}"
	ProjectSection(SolutionItems) = preProject
		compose.yaml = compose.yaml
		.gitignore = .gitignore
		.editorconfig = .editorconfig
	EndProjectSection
EndProject
Global
	GlobalSection(SolutionConfigurationPlatforms) = preSolution
		Debug|Any CPU = Debug|Any CPU
		Release|Any CPU = Release|Any CPU
	EndGlobalSection
	GlobalSection(ProjectConfigurationPlatforms) = postSolution
		{4CE3F903-8EC5-4BBF-B3BE-FE4215289C9A}.Debug|Any CPU.ActiveCfg = Debug|Any CPU
		{4CE3F903-8EC5-4BBF-B3BE-FE4215289C9A}.Debug|Any CPU.Build.0 = Debug|Any CPU
		{4CE3F903-8EC5-4BBF-B3BE-FE4215289C9A}.Release|Any CPU.ActiveCfg = Release|Any CPU
		{4CE3F903-8EC5-4BBF-B3BE-FE4215289C9A}.Release|Any CPU.Build.0 = Release|Any CPU
	EndGlobalSection
EndGlobal
